
Microsoft Visual Studio Solution File, Format Version 12.00
# Visual Studio Version 17
VisualStudioVersion = 17.10.35013.160
MinimumVisualStudioVersion = 10.0.40219.1
Project("{2150E333-8FDC-42A3-9474-1A3956D46DE8}") = "Core", "Core", "{26A7E287-E1FC-4CD0-BB44-89441FE74A2B}"
EndProject
Project("{2150E333-8FDC-42A3-9474-1A3956D46DE8}") = "Infrastructure", "Infrastructure", "{9EC4C215-4EF7-4061-937F-932AFBCBE73B}"
EndProject
Project("{2150E333-8FDC-42A3-9474-1A3956D46DE8}") = "Presentation", "Presentation", "{E9BD6A88-CD18-481F-9B1B-DC61BA49ECED}"
EndProject
Project("{FAE04EC0-301F-11D3-BF4B-00C04F79EFBC}") = "ProductionTracker.Application", "Core\ProductionTracker.Application\ProductionTracker.Application.csproj", "{6B6F8A7A-6ADA-4514-AA54-76CA56002FC2}"
EndProject
Project("{FAE04EC0-301F-11D3-BF4B-00C04F79EFBC}") = "ProductionTracker.Domain", "Core\ProductionTracker.Domain\ProductionTracker.Domain.csproj", "{6C85550A-B6F1-44C4-9CF4-0E8EF25B56AB}"
EndProject
Project("{FAE04EC0-301F-11D3-BF4B-00C04F79EFBC}") = "ProductionTracker.Infrastructure", "Infrastructure\ProductionTracker.Infrastructure\ProductionTracker.Infrastructure.csproj", "{1AE3E364-CD15-4CC1-B203-3A619CAB9C0C}"
EndProject
Project("{FAE04EC0-301F-11D3-BF4B-00C04F79EFBC}") = "ProductionTracker.Persistence", "Infrastructure\ProductionTracker.Persistence\ProductionTracker.Persistence.csproj", "{5E4A13E5-45A4-4D2D-9672-CA7A326323D3}"
EndProject
Project("{FAE04EC0-301F-11D3-BF4B-00C04F79EFBC}") = "ProductionTracker.Api", "Presentation\ProductionTracker.Api\ProductionTracker.Api.csproj", "{3C60A5BF-D80C-4BCE-8928-54198776C7A2}"
EndProject
Global
	GlobalSection(SolutionConfigurationPlatforms) = preSolution
		Debug|Any CPU = Debug|Any CPU
		Release|Any CPU = Release|Any CPU
	EndGlobalSection
	GlobalSection(ProjectConfigurationPlatforms) = postSolution
		{6B6F8A7A-6ADA-4514-AA54-76CA56002FC2}.Debug|Any CPU.ActiveCfg = Debug|Any CPU
		{6B6F8A7A-6ADA-4514-AA54-76CA56002FC2}.Debug|Any CPU.Build.0 = Debug|Any CPU
		{6B6F8A7A-6ADA-4514-AA54-76CA56002FC2}.Release|Any CPU.ActiveCfg = Release|Any CPU
		{6B6F8A7A-6ADA-4514-AA54-76CA56002FC2}.Release|Any CPU.Build.0 = Release|Any CPU
		{6C85550A-B6F1-44C4-9CF4-0E8EF25B56AB}.Debug|Any CPU.ActiveCfg = Debug|Any CPU
		{6C85550A-B6F1-44C4-9CF4-0E8EF25B56AB}.Debug|Any CPU.Build.0 = Debug|Any CPU
		{6C85550A-B6F1-44C4-9CF4-0E8EF25B56AB}.Release|Any CPU.ActiveCfg = Release|Any CPU
		{6C85550A-B6F1-44C4-9CF4-0E8EF25B56AB}.Release|Any CPU.Build.0 = Release|Any CPU
		{1AE3E364-CD15-4CC1-B203-3A619CAB9C0C}.Debug|Any CPU.ActiveCfg = Debug|Any CPU
		{1AE3E364-CD15-4CC1-B203-3A619CAB9C0C}.Debug|Any CPU.Build.0 = Debug|Any CPU
		{1AE3E364-CD15-4CC1-B203-3A619CAB9C0C}.Release|Any CPU.ActiveCfg = Release|Any CPU
		{1AE3E364-CD15-4CC1-B203-3A619CAB9C0C}.Release|Any CPU.Build.0 = Release|Any CPU
		{5E4A13E5-45A4-4D2D-9672-CA7A326323D3}.Debug|Any CPU.ActiveCfg = Debug|Any CPU
		{5E4A13E5-45A4-4D2D-9672-CA7A326323D3}.Debug|Any CPU.Build.0 = Debug|Any CPU
		{5E4A13E5-45A4-4D2D-9672-CA7A326323D3}.Release|Any CPU.ActiveCfg = Release|Any CPU
		{5E4A13E5-45A4-4D2D-9672-CA7A326323D3}.Release|Any CPU.Build.0 = Release|Any CPU
		{3C60A5BF-D80C-4BCE-8928-54198776C7A2}.Debug|Any CPU.ActiveCfg = Debug|Any CPU
		{3C60A5BF-D80C-4BCE-8928-54198776C7A2}.Debug|Any CPU.Build.0 = Debug|Any CPU
		{3C60A5BF-D80C-4BCE-8928-54198776C7A2}.Release|Any CPU.ActiveCfg = Release|Any CPU
		{3C60A5BF-D80C-4BCE-8928-54198776C7A2}.Release|Any CPU.Build.0 = Release|Any CPU
	EndGlobalSection
	GlobalSection(SolutionProperties) = preSolution
		HideSolutionNode = FALSE
	EndGlobalSection
	GlobalSection(NestedProjects) = preSolution
		{6B6F8A7A-6ADA-4514-AA54-76CA56002FC2} = {26A7E287-E1FC-4CD0-BB44-89441FE74A2B}
		{6C85550A-B6F1-44C4-9CF4-0E8EF25B56AB} = {26A7E287-E1FC-4CD0-BB44-89441FE74A2B}
		{1AE3E364-CD15-4CC1-B203-3A619CAB9C0C} = {9EC4C215-4EF7-4061-937F-932AFBCBE73B}
		{5E4A13E5-45A4-4D2D-9672-CA7A326323D3} = {9EC4C215-4EF7-4061-937F-932AFBCBE73B}
		{3C60A5BF-D80C-4BCE-8928-54198776C7A2} = {E9BD6A88-CD18-481F-9B1B-DC61BA49ECED}
	EndGlobalSection
	GlobalSection(ExtensibilityGlobals) = postSolution
		SolutionGuid = {210511D5-9949-49EB-9892-5DD052E810E9}
	EndGlobalSection
EndGlobal
